
Microsoft Visual Studio Solution File, Format Version 12.00
# Visual Studio Version 17
VisualStudioVersion = 17.2.32630.192
MinimumVisualStudioVersion = 10.0.40219.1
Project("{FAE04EC0-301F-11D3-BF4B-00C04F79EFBC}") = "MyCalc", "MyCalc\MyCalc.csproj", "{E65418DB-4153-4E63-B7BC-75F41AE88EAA}"
EndProject
Project("{FAE04EC0-301F-11D3-BF4B-00C04F79EFBC}") = "HelloApp", "HelloApp\HelloApp.csproj", "{094B71A1-F495-4D44-873C-0C6ED226F34F}"
EndProject
Global
	GlobalSection(SolutionConfigurationPlatforms) = preSolution
		Debug|Any CPU = Debug|Any CPU
		Release|Any CPU = Release|Any CPU
	EndGlobalSection
	GlobalSection(ProjectConfigurationPlatforms) = postSolution
		{E65418DB-4153-4E63-B7BC-75F41AE88EAA}.Debug|Any CPU.ActiveCfg = Debug|Any CPU
		{E65418DB-4153-4E63-B7BC-75F41AE88EAA}.Debug|Any CPU.Build.0 = Debug|Any CPU
		{E65418DB-4153-4E63-B7BC-75F41AE88EAA}.Release|Any CPU.ActiveCfg = Release|Any CPU
		{E65418DB-4153-4E63-B7BC-75F41AE88EAA}.Release|Any CPU.Build.0 = Release|Any CPU
		{094B71A1-F495-4D44-873C-0C6ED226F34F}.Debug|Any CPU.ActiveCfg = Debug|Any CPU
		{094B71A1-F495-4D44-873C-0C6ED226F34F}.Debug|Any CPU.Build.0 = Debug|Any CPU
		{094B71A1-F495-4D44-873C-0C6ED226F34F}.Release|Any CPU.ActiveCfg = Release|Any CPU
		{094B71A1-F495-4D44-873C-0C6ED226F34F}.Release|Any CPU.Build.0 = Release|Any CPU
	EndGlobalSection
	GlobalSection(SolutionProperties) = preSolution
		HideSolutionNode = FALSE
	EndGlobalSection
	GlobalSection(ExtensibilityGlobals) = postSolution
		SolutionGuid = {E9D79A85-7AD4-4C15-A779-AF5EBC70E0D7}
	EndGlobalSection
EndGlobal
